{
  "name": "backupman",
  "lockfileVersion": 3,
  "requires": true,
  "packages": {
    "": {
      "name": "backupman",
      "dependencies": {
        "@aws-sdk/client-s3": "^3.499.0",
        "archiver": "^6.0.1"
      },
      "devDependencies": {
        "@types/archiver": "^6.0.2",
        "@types/bun": "latest"
      },
      "peerDependencies": {
        "typescript": "^5.0.0"
      }
    },
    "node_modules/@aws-crypto/crc32": {
      "version": "3.0.0",
      "license": "Apache-2.0",
      "dependencies": {
        "@aws-crypto/util": "^3.0.0",
        "@aws-sdk/types": "^3.222.0",
        "tslib": "^1.11.1"
      }
    },
    "node_modules/@aws-crypto/crc32/node_modules/tslib": {
      "version": "1.14.1",
      "license": "0BSD"
    },
    "node_modules/@aws-crypto/crc32c": {
      "version": "3.0.0",
      "license": "Apache-2.0",
      "dependencies": {
        "@aws-crypto/util": "^3.0.0",
        "@aws-sdk/types": "^3.222.0",
        "tslib": "^1.11.1"
      }
    },
    "node_modules/@aws-crypto/crc32c/node_modules/tslib": {
      "version": "1.14.1",
      "license": "0BSD"
    },
    "node_modules/@aws-crypto/ie11-detection": {
      "version": "3.0.0",
      "license": "Apache-2.0",
      "dependencies": {
        "tslib": "^1.11.1"
      }
    },
    "node_modules/@aws-crypto/ie11-detection/node_modules/tslib": {
      "version": "1.14.1",
      "license": "0BSD"
    },
    "node_modules/@aws-crypto/sha1-browser": {
      "version": "3.0.0",
      "license": "Apache-2.0",
      "dependencies": {
        "@aws-crypto/ie11-detection": "^3.0.0",
        "@aws-crypto/supports-web-crypto": "^3.0.0",
        "@aws-crypto/util": "^3.0.0",
        "@aws-sdk/types": "^3.222.0",
        "@aws-sdk/util-locate-window": "^3.0.0",
        "@aws-sdk/util-utf8-browser": "^3.0.0",
        "tslib": "^1.11.1"
      }
    },
    "node_modules/@aws-crypto/sha1-browser/node_modules/tslib": {
      "version": "1.14.1",
      "license": "0BSD"
    },
    "node_modules/@aws-crypto/sha256-browser": {
      "version": "3.0.0",
      "license": "Apache-2.0",
      "dependencies": {
        "@aws-crypto/ie11-detection": "^3.0.0",
        "@aws-crypto/sha256-js": "^3.0.0",
        "@aws-crypto/supports-web-crypto": "^3.0.0",
        "@aws-crypto/util": "^3.0.0",
        "@aws-sdk/types": "^3.222.0",
        "@aws-sdk/util-locate-window": "^3.0.0",
        "@aws-sdk/util-utf8-browser": "^3.0.0",
        "tslib": "^1.11.1"
      }
    },
    "node_modules/@aws-crypto/sha256-browser/node_modules/tslib": {
      "version": "1.14.1",
      "license": "0BSD"
    },
    "node_modules/@aws-crypto/sha256-js": {
      "version": "3.0.0",
      "license": "Apache-2.0",
      "dependencies": {
        "@aws-crypto/util": "^3.0.0",
        "@aws-sdk/types": "^3.222.0",
        "tslib": "^1.11.1"
      }
    },
    "node_modules/@aws-crypto/sha256-js/node_modules/tslib": {
      "version": "1.14.1",
      "license": "0BSD"
    },
    "node_modules/@aws-crypto/supports-web-crypto": {
      "version": "3.0.0",
      "license": "Apache-2.0",
      "dependencies": {
        "tslib": "^1.11.1"
      }
    },
    "node_modules/@aws-crypto/supports-web-crypto/node_modules/tslib": {
      "version": "1.14.1",
      "license": "0BSD"
    },
    "node_modules/@aws-crypto/util": {
      "version": "3.0.0",
      "license": "Apache-2.0",
      "dependencies": {
        "@aws-sdk/types": "^3.222.0",
        "@aws-sdk/util-utf8-browser": "^3.0.0",
        "tslib": "^1.11.1"
      }
    },
    "node_modules/@aws-crypto/util/node_modules/tslib": {
      "version": "1.14.1",
      "license": "0BSD"
    },
    "node_modules/@aws-sdk/client-s3": {
      "version": "3.499.0",
      "license": "Apache-2.0",
      "dependencies": {
        "@aws-crypto/sha1-browser": "3.0.0",
        "@aws-crypto/sha256-browser": "3.0.0",
        "@aws-crypto/sha256-js": "3.0.0",
        "@aws-sdk/client-sts": "3.499.0",
        "@aws-sdk/core": "3.496.0",
        "@aws-sdk/credential-provider-node": "3.499.0",
        "@aws-sdk/middleware-bucket-endpoint": "3.496.0",
        "@aws-sdk/middleware-expect-continue": "3.496.0",
        "@aws-sdk/middleware-flexible-checksums": "3.496.0",
        "@aws-sdk/middleware-host-header": "3.496.0",
        "@aws-sdk/middleware-location-constraint": "3.496.0",
        "@aws-sdk/middleware-logger": "3.496.0",
        "@aws-sdk/middleware-recursion-detection": "3.496.0",
        "@aws-sdk/middleware-sdk-s3": "3.499.0",
        "@aws-sdk/middleware-signing": "3.496.0",
        "@aws-sdk/middleware-ssec": "3.498.0",
        "@aws-sdk/middleware-user-agent": "3.496.0",
        "@aws-sdk/region-config-resolver": "3.496.0",
        "@aws-sdk/signature-v4-multi-region": "3.499.0",
        "@aws-sdk/types": "3.496.0",
        "@aws-sdk/util-endpoints": "3.496.0",
        "@aws-sdk/util-user-agent-browser": "3.496.0",
        "@aws-sdk/util-user-agent-node": "3.496.0",
        "@aws-sdk/xml-builder": "3.496.0",
        "@smithy/config-resolver": "^2.1.1",
        "@smithy/core": "^1.3.1",
        "@smithy/eventstream-serde-browser": "^2.1.1",
        "@smithy/eventstream-serde-config-resolver": "^2.1.1",
        "@smithy/eventstream-serde-node": "^2.1.1",
        "@smithy/fetch-http-handler": "^2.4.1",
        "@smithy/hash-blob-browser": "^2.1.1",
        "@smithy/hash-node": "^2.1.1",
        "@smithy/hash-stream-node": "^2.1.1",
        "@smithy/invalid-dependency": "^2.1.1",
        "@smithy/md5-js": "^2.1.1",
        "@smithy/middleware-content-length": "^2.1.1",
        "@smithy/middleware-endpoint": "^2.4.1",
        "@smithy/middleware-retry": "^2.1.1",
        "@smithy/middleware-serde": "^2.1.1",
        "@smithy/middleware-stack": "^2.1.1",
        "@smithy/node-config-provider": "^2.2.1",
        "@smithy/node-http-handler": "^2.3.1",
        "@smithy/protocol-http": "^3.1.1",
        "@smithy/smithy-client": "^2.3.1",
        "@smithy/types": "^2.9.1",
        "@smithy/url-parser": "^2.1.1",
        "@smithy/util-base64": "^2.1.1",
        "@smithy/util-body-length-browser": "^2.1.1",
        "@smithy/util-body-length-node": "^2.2.1",
        "@smithy/util-defaults-mode-browser": "^2.1.1",
        "@smithy/util-defaults-mode-node": "^2.1.1",
        "@smithy/util-endpoints": "^1.1.1",
        "@smithy/util-retry": "^2.1.1",
        "@smithy/util-stream": "^2.1.1",
        "@smithy/util-utf8": "^2.1.1",
        "@smithy/util-waiter": "^2.1.1",
        "fast-xml-parser": "4.2.5",
        "tslib": "^2.5.0"
      },
      "engines": {
        "node": ">=14.0.0"
      }
    },
    "node_modules/@aws-sdk/client-sso": {
      "version": "3.496.0",
      "license": "Apache-2.0",
      "dependencies": {
        "@aws-crypto/sha256-browser": "3.0.0",
        "@aws-crypto/sha256-js": "3.0.0",
        "@aws-sdk/core": "3.496.0",
        "@aws-sdk/middleware-host-header": "3.496.0",
        "@aws-sdk/middleware-logger": "3.496.0",
        "@aws-sdk/middleware-recursion-detection": "3.496.0",
        "@aws-sdk/middleware-user-agent": "3.496.0",
        "@aws-sdk/region-config-resolver": "3.496.0",
        "@aws-sdk/types": "3.496.0",
        "@aws-sdk/util-endpoints": "3.496.0",
        "@aws-sdk/util-user-agent-browser": "3.496.0",
        "@aws-sdk/util-user-agent-node": "3.496.0",
        "@smithy/config-resolver": "^2.1.1",
        "@smithy/core": "^1.3.1",
        "@smithy/fetch-http-handler": "^2.4.1",
        "@smithy/hash-node": "^2.1.1",
        "@smithy/invalid-dependency": "^2.1.1",
        "@smithy/middleware-content-length": "^2.1.1",
        "@smithy/middleware-endpoint": "^2.4.1",
        "@smithy/middleware-retry": "^2.1.1",
        "@smithy/middleware-serde": "^2.1.1",
        "@smithy/middleware-stack": "^2.1.1",
        "@smithy/node-config-provider": "^2.2.1",
        "@smithy/node-http-handler": "^2.3.1",
        "@smithy/protocol-http": "^3.1.1",
        "@smithy/smithy-client": "^2.3.1",
        "@smithy/types": "^2.9.1",
        "@smithy/url-parser": "^2.1.1",
        "@smithy/util-base64": "^2.1.1",
        "@smithy/util-body-length-browser": "^2.1.1",
        "@smithy/util-body-length-node": "^2.2.1",
        "@smithy/util-defaults-mode-browser": "^2.1.1",
        "@smithy/util-defaults-mode-node": "^2.1.1",
        "@smithy/util-endpoints": "^1.1.1",
        "@smithy/util-retry": "^2.1.1",
        "@smithy/util-utf8": "^2.1.1",
        "tslib": "^2.5.0"
      },
      "engines": {
        "node": ">=14.0.0"
      }
    },
    "node_modules/@aws-sdk/client-sts": {
      "version": "3.499.0",
      "license": "Apache-2.0",
      "dependencies": {
        "@aws-crypto/sha256-browser": "3.0.0",
        "@aws-crypto/sha256-js": "3.0.0",
        "@aws-sdk/core": "3.496.0",
        "@aws-sdk/credential-provider-node": "3.499.0",
        "@aws-sdk/middleware-host-header": "3.496.0",
        "@aws-sdk/middleware-logger": "3.496.0",
        "@aws-sdk/middleware-recursion-detection": "3.496.0",
        "@aws-sdk/middleware-user-agent": "3.496.0",
        "@aws-sdk/region-config-resolver": "3.496.0",
        "@aws-sdk/types": "3.496.0",
        "@aws-sdk/util-endpoints": "3.496.0",
        "@aws-sdk/util-user-agent-browser": "3.496.0",
        "@aws-sdk/util-user-agent-node": "3.496.0",
        "@smithy/config-resolver": "^2.1.1",
        "@smithy/core": "^1.3.1",
        "@smithy/fetch-http-handler": "^2.4.1",
        "@smithy/hash-node": "^2.1.1",
        "@smithy/invalid-dependency": "^2.1.1",
        "@smithy/middleware-content-length": "^2.1.1",
        "@smithy/middleware-endpoint": "^2.4.1",
        "@smithy/middleware-retry": "^2.1.1",
        "@smithy/middleware-serde": "^2.1.1",
        "@smithy/middleware-stack": "^2.1.1",
        "@smithy/node-config-provider": "^2.2.1",
        "@smithy/node-http-handler": "^2.3.1",
        "@smithy/protocol-http": "^3.1.1",
        "@smithy/smithy-client": "^2.3.1",
        "@smithy/types": "^2.9.1",
        "@smithy/url-parser": "^2.1.1",
        "@smithy/util-base64": "^2.1.1",
        "@smithy/util-body-length-browser": "^2.1.1",
        "@smithy/util-body-length-node": "^2.2.1",
        "@smithy/util-defaults-mode-browser": "^2.1.1",
        "@smithy/util-defaults-mode-node": "^2.1.1",
        "@smithy/util-endpoints": "^1.1.1",
        "@smithy/util-middleware": "^2.1.1",
        "@smithy/util-retry": "^2.1.1",
        "@smithy/util-utf8": "^2.1.1",
        "fast-xml-parser": "4.2.5",
        "tslib": "^2.5.0"
      },
      "engines": {
        "node": ">=14.0.0"
      }
    },
    "node_modules/@aws-sdk/core": {
      "version": "3.496.0",
      "license": "Apache-2.0",
      "dependencies": {
        "@smithy/core": "^1.3.1",
        "@smithy/protocol-http": "^3.1.1",
        "@smithy/signature-v4": "^2.1.1",
        "@smithy/smithy-client": "^2.3.1",
        "@smithy/types": "^2.9.1",
        "tslib": "^2.5.0"
      },
      "engines": {
        "node": ">=14.0.0"
      }
    },
    "node_modules/@aws-sdk/credential-provider-env": {
      "version": "3.496.0",
      "license": "Apache-2.0",
      "dependencies": {
        "@aws-sdk/types": "3.496.0",
        "@smithy/property-provider": "^2.1.1",
        "@smithy/types": "^2.9.1",
        "tslib": "^2.5.0"
      },
      "engines": {
        "node": ">=14.0.0"
      }
    },
    "node_modules/@aws-sdk/credential-provider-ini": {
      "version": "3.496.0",
      "license": "Apache-2.0",
      "dependencies": {
        "@aws-sdk/credential-provider-env": "3.496.0",
        "@aws-sdk/credential-provider-process": "3.496.0",
        "@aws-sdk/credential-provider-sso": "3.496.0",
        "@aws-sdk/credential-provider-web-identity": "3.496.0",
        "@aws-sdk/types": "3.496.0",
        "@smithy/credential-provider-imds": "^2.2.1",
        "@smithy/property-provider": "^2.1.1",
        "@smithy/shared-ini-file-loader": "^2.3.1",
        "@smithy/types": "^2.9.1",
        "tslib": "^2.5.0"
      },
      "engines": {
        "node": ">=14.0.0"
      }
    },
    "node_modules/@aws-sdk/credential-provider-node": {
      "version": "3.499.0",
      "license": "Apache-2.0",
      "dependencies": {
        "@aws-sdk/credential-provider-env": "3.496.0",
        "@aws-sdk/credential-provider-ini": "3.496.0",
        "@aws-sdk/credential-provider-process": "3.496.0",
        "@aws-sdk/credential-provider-sso": "3.496.0",
        "@aws-sdk/credential-provider-web-identity": "3.496.0",
        "@aws-sdk/types": "3.496.0",
        "@smithy/credential-provider-imds": "^2.2.1",
        "@smithy/property-provider": "^2.1.1",
        "@smithy/shared-ini-file-loader": "^2.3.1",
        "@smithy/types": "^2.9.1",
        "tslib": "^2.5.0"
      },
      "engines": {
        "node": ">=14.0.0"
      }
    },
    "node_modules/@aws-sdk/credential-provider-process": {
      "version": "3.496.0",
      "license": "Apache-2.0",
      "dependencies": {
        "@aws-sdk/types": "3.496.0",
        "@smithy/property-provider": "^2.1.1",
        "@smithy/shared-ini-file-loader": "^2.3.1",
        "@smithy/types": "^2.9.1",
        "tslib": "^2.5.0"
      },
      "engines": {
        "node": ">=14.0.0"
      }
    },
    "node_modules/@aws-sdk/credential-provider-sso": {
      "version": "3.496.0",
      "license": "Apache-2.0",
      "dependencies": {
        "@aws-sdk/client-sso": "3.496.0",
        "@aws-sdk/token-providers": "3.496.0",
        "@aws-sdk/types": "3.496.0",
        "@smithy/property-provider": "^2.1.1",
        "@smithy/shared-ini-file-loader": "^2.3.1",
        "@smithy/types": "^2.9.1",
        "tslib": "^2.5.0"
      },
      "engines": {
        "node": ">=14.0.0"
      }
    },
    "node_modules/@aws-sdk/credential-provider-web-identity": {
      "version": "3.496.0",
      "license": "Apache-2.0",
      "dependencies": {
        "@aws-sdk/types": "3.496.0",
        "@smithy/property-provider": "^2.1.1",
        "@smithy/types": "^2.9.1",
        "tslib": "^2.5.0"
      },
      "engines": {
        "node": ">=14.0.0"
      }
    },
    "node_modules/@aws-sdk/middleware-bucket-endpoint": {
      "version": "3.496.0",
      "license": "Apache-2.0",
      "dependencies": {
        "@aws-sdk/types": "3.496.0",
        "@aws-sdk/util-arn-parser": "3.495.0",
        "@smithy/node-config-provider": "^2.2.1",
        "@smithy/protocol-http": "^3.1.1",
        "@smithy/types": "^2.9.1",
        "@smithy/util-config-provider": "^2.2.1",
        "tslib": "^2.5.0"
      },
      "engines": {
        "node": ">=14.0.0"
      }
    },
    "node_modules/@aws-sdk/middleware-expect-continue": {
      "version": "3.496.0",
      "license": "Apache-2.0",
      "dependencies": {
        "@aws-sdk/types": "3.496.0",
        "@smithy/protocol-http": "^3.1.1",
        "@smithy/types": "^2.9.1",
        "tslib": "^2.5.0"
      },
      "engines": {
        "node": ">=14.0.0"
      }
    },
    "node_modules/@aws-sdk/middleware-flexible-checksums": {
      "version": "3.496.0",
      "license": "Apache-2.0",
      "dependencies": {
        "@aws-crypto/crc32": "3.0.0",
        "@aws-crypto/crc32c": "3.0.0",
        "@aws-sdk/types": "3.496.0",
        "@smithy/is-array-buffer": "^2.1.1",
        "@smithy/protocol-http": "^3.1.1",
        "@smithy/types": "^2.9.1",
        "@smithy/util-utf8": "^2.1.1",
        "tslib": "^2.5.0"
      },
      "engines": {
        "node": ">=14.0.0"
      }
    },
    "node_modules/@aws-sdk/middleware-host-header": {
      "version": "3.496.0",
      "license": "Apache-2.0",
      "dependencies": {
        "@aws-sdk/types": "3.496.0",
        "@smithy/protocol-http": "^3.1.1",
        "@smithy/types": "^2.9.1",
        "tslib": "^2.5.0"
      },
      "engines": {
        "node": ">=14.0.0"
      }
    },
    "node_modules/@aws-sdk/middleware-location-constraint": {
      "version": "3.496.0",
      "license": "Apache-2.0",
      "dependencies": {
        "@aws-sdk/types": "3.496.0",
        "@smithy/types": "^2.9.1",
        "tslib": "^2.5.0"
      },
      "engines": {
        "node": ">=14.0.0"
      }
    },
    "node_modules/@aws-sdk/middleware-logger": {
      "version": "3.496.0",
      "license": "Apache-2.0",
      "dependencies": {
        "@aws-sdk/types": "3.496.0",
        "@smithy/types": "^2.9.1",
        "tslib": "^2.5.0"
      },
      "engines": {
        "node": ">=14.0.0"
      }
    },
    "node_modules/@aws-sdk/middleware-recursion-detection": {
      "version": "3.496.0",
      "license": "Apache-2.0",
      "dependencies": {
        "@aws-sdk/types": "3.496.0",
        "@smithy/protocol-http": "^3.1.1",
        "@smithy/types": "^2.9.1",
        "tslib": "^2.5.0"
      },
      "engines": {
        "node": ">=14.0.0"
      }
    },
    "node_modules/@aws-sdk/middleware-sdk-s3": {
      "version": "3.499.0",
      "license": "Apache-2.0",
      "dependencies": {
        "@aws-sdk/types": "3.496.0",
        "@aws-sdk/util-arn-parser": "3.495.0",
        "@smithy/node-config-provider": "^2.2.1",
        "@smithy/protocol-http": "^3.1.1",
        "@smithy/signature-v4": "^2.1.1",
        "@smithy/smithy-client": "^2.3.1",
        "@smithy/types": "^2.9.1",
        "@smithy/util-config-provider": "^2.2.1",
        "tslib": "^2.5.0"
      },
      "engines": {
        "node": ">=14.0.0"
      }
    },
    "node_modules/@aws-sdk/middleware-signing": {
      "version": "3.496.0",
      "license": "Apache-2.0",
      "dependencies": {
        "@aws-sdk/types": "3.496.0",
        "@smithy/property-provider": "^2.1.1",
        "@smithy/protocol-http": "^3.1.1",
        "@smithy/signature-v4": "^2.1.1",
        "@smithy/types": "^2.9.1",
        "@smithy/util-middleware": "^2.1.1",
        "tslib": "^2.5.0"
      },
      "engines": {
        "node": ">=14.0.0"
      }
    },
    "node_modules/@aws-sdk/middleware-ssec": {
      "version": "3.498.0",
      "license": "Apache-2.0",
      "dependencies": {
        "@aws-sdk/types": "3.496.0",
        "@smithy/types": "^2.9.1",
        "tslib": "^2.5.0"
      },
      "engines": {
        "node": ">=14.0.0"
      }
    },
    "node_modules/@aws-sdk/middleware-user-agent": {
      "version": "3.496.0",
      "license": "Apache-2.0",
      "dependencies": {
        "@aws-sdk/types": "3.496.0",
        "@aws-sdk/util-endpoints": "3.496.0",
        "@smithy/protocol-http": "^3.1.1",
        "@smithy/types": "^2.9.1",
        "tslib": "^2.5.0"
      },
      "engines": {
        "node": ">=14.0.0"
      }
    },
    "node_modules/@aws-sdk/region-config-resolver": {
      "version": "3.496.0",
      "license": "Apache-2.0",
      "dependencies": {
        "@aws-sdk/types": "3.496.0",
        "@smithy/node-config-provider": "^2.2.1",
        "@smithy/types": "^2.9.1",
        "@smithy/util-config-provider": "^2.2.1",
        "@smithy/util-middleware": "^2.1.1",
        "tslib": "^2.5.0"
      },
      "engines": {
        "node": ">=14.0.0"
      }
    },
    "node_modules/@aws-sdk/signature-v4-multi-region": {
      "version": "3.499.0",
      "license": "Apache-2.0",
      "dependencies": {
        "@aws-sdk/middleware-sdk-s3": "3.499.0",
        "@aws-sdk/types": "3.496.0",
        "@smithy/protocol-http": "^3.1.1",
        "@smithy/signature-v4": "^2.1.1",
        "@smithy/types": "^2.9.1",
        "tslib": "^2.5.0"
      },
      "engines": {
        "node": ">=14.0.0"
      }
    },
    "node_modules/@aws-sdk/token-providers": {
      "version": "3.496.0",
      "license": "Apache-2.0",
      "dependencies": {
        "@aws-crypto/sha256-browser": "3.0.0",
        "@aws-crypto/sha256-js": "3.0.0",
        "@aws-sdk/middleware-host-header": "3.496.0",
        "@aws-sdk/middleware-logger": "3.496.0",
        "@aws-sdk/middleware-recursion-detection": "3.496.0",
        "@aws-sdk/middleware-user-agent": "3.496.0",
        "@aws-sdk/region-config-resolver": "3.496.0",
        "@aws-sdk/types": "3.496.0",
        "@aws-sdk/util-endpoints": "3.496.0",
        "@aws-sdk/util-user-agent-browser": "3.496.0",
        "@aws-sdk/util-user-agent-node": "3.496.0",
        "@smithy/config-resolver": "^2.1.1",
        "@smithy/fetch-http-handler": "^2.4.1",
        "@smithy/hash-node": "^2.1.1",
        "@smithy/invalid-dependency": "^2.1.1",
        "@smithy/middleware-content-length": "^2.1.1",
        "@smithy/middleware-endpoint": "^2.4.1",
        "@smithy/middleware-retry": "^2.1.1",
        "@smithy/middleware-serde": "^2.1.1",
        "@smithy/middleware-stack": "^2.1.1",
        "@smithy/node-config-provider": "^2.2.1",
        "@smithy/node-http-handler": "^2.3.1",
        "@smithy/property-provider": "^2.1.1",
        "@smithy/protocol-http": "^3.1.1",
        "@smithy/shared-ini-file-loader": "^2.3.1",
        "@smithy/smithy-client": "^2.3.1",
        "@smithy/types": "^2.9.1",
        "@smithy/url-parser": "^2.1.1",
        "@smithy/util-base64": "^2.1.1",
        "@smithy/util-body-length-browser": "^2.1.1",
        "@smithy/util-body-length-node": "^2.2.1",
        "@smithy/util-defaults-mode-browser": "^2.1.1",
        "@smithy/util-defaults-mode-node": "^2.1.1",
        "@smithy/util-endpoints": "^1.1.1",
        "@smithy/util-retry": "^2.1.1",
        "@smithy/util-utf8": "^2.1.1",
        "tslib": "^2.5.0"
      },
      "engines": {
        "node": ">=14.0.0"
      }
    },
    "node_modules/@aws-sdk/types": {
      "version": "3.496.0",
      "license": "Apache-2.0",
      "dependencies": {
        "@smithy/types": "^2.9.1",
        "tslib": "^2.5.0"
      },
      "engines": {
        "node": ">=14.0.0"
      }
    },
    "node_modules/@aws-sdk/util-arn-parser": {
      "version": "3.495.0",
      "license": "Apache-2.0",
      "dependencies": {
        "tslib": "^2.5.0"
      },
      "engines": {
        "node": ">=14.0.0"
      }
    },
    "node_modules/@aws-sdk/util-endpoints": {
      "version": "3.496.0",
      "license": "Apache-2.0",
      "dependencies": {
        "@aws-sdk/types": "3.496.0",
        "@smithy/types": "^2.9.1",
        "@smithy/util-endpoints": "^1.1.1",
        "tslib": "^2.5.0"
      },
      "engines": {
        "node": ">=14.0.0"
      }
    },
    "node_modules/@aws-sdk/util-locate-window": {
      "version": "3.495.0",
      "license": "Apache-2.0",
      "dependencies": {
        "tslib": "^2.5.0"
      },
      "engines": {
        "node": ">=14.0.0"
      }
    },
    "node_modules/@aws-sdk/util-user-agent-browser": {
      "version": "3.496.0",
      "license": "Apache-2.0",
      "dependencies": {
        "@aws-sdk/types": "3.496.0",
        "@smithy/types": "^2.9.1",
        "bowser": "^2.11.0",
        "tslib": "^2.5.0"
      }
    },
    "node_modules/@aws-sdk/util-user-agent-node": {
      "version": "3.496.0",
      "license": "Apache-2.0",
      "dependencies": {
        "@aws-sdk/types": "3.496.0",
        "@smithy/node-config-provider": "^2.2.1",
        "@smithy/types": "^2.9.1",
        "tslib": "^2.5.0"
      },
      "engines": {
        "node": ">=14.0.0"
      },
      "peerDependencies": {
        "aws-crt": ">=1.0.0"
      },
      "peerDependenciesMeta": {
        "aws-crt": {
          "optional": true
        }
      }
    },
    "node_modules/@aws-sdk/util-utf8-browser": {
      "version": "3.259.0",
      "license": "Apache-2.0",
      "dependencies": {
        "tslib": "^2.3.1"
      }
    },
    "node_modules/@aws-sdk/xml-builder": {
      "version": "3.496.0",
      "license": "Apache-2.0",
      "dependencies": {
        "@smithy/types": "^2.9.1",
        "tslib": "^2.5.0"
      },
      "engines": {
        "node": ">=14.0.0"
      }
    },
    "node_modules/@smithy/abort-controller": {
      "version": "2.1.1",
      "license": "Apache-2.0",
      "dependencies": {
        "@smithy/types": "^2.9.1",
        "tslib": "^2.5.0"
      },
      "engines": {
        "node": ">=14.0.0"
      }
    },
    "node_modules/@smithy/chunked-blob-reader": {
      "version": "2.1.1",
      "license": "Apache-2.0",
      "dependencies": {
        "tslib": "^2.5.0"
      }
    },
    "node_modules/@smithy/chunked-blob-reader-native": {
      "version": "2.1.1",
      "license": "Apache-2.0",
      "dependencies": {
        "@smithy/util-base64": "^2.1.1",
        "tslib": "^2.5.0"
      }
    },
    "node_modules/@smithy/config-resolver": {
      "version": "2.1.1",
      "license": "Apache-2.0",
      "dependencies": {
        "@smithy/node-config-provider": "^2.2.1",
        "@smithy/types": "^2.9.1",
        "@smithy/util-config-provider": "^2.2.1",
        "@smithy/util-middleware": "^2.1.1",
        "tslib": "^2.5.0"
      },
      "engines": {
        "node": ">=14.0.0"
      }
    },
    "node_modules/@smithy/core": {
      "version": "1.3.1",
      "license": "Apache-2.0",
      "dependencies": {
        "@smithy/middleware-endpoint": "^2.4.1",
        "@smithy/middleware-retry": "^2.1.1",
        "@smithy/middleware-serde": "^2.1.1",
        "@smithy/protocol-http": "^3.1.1",
        "@smithy/smithy-client": "^2.3.1",
        "@smithy/types": "^2.9.1",
        "@smithy/util-middleware": "^2.1.1",
        "tslib": "^2.5.0"
      },
      "engines": {
        "node": ">=14.0.0"
      }
    },
    "node_modules/@smithy/credential-provider-imds": {
      "version": "2.2.1",
      "license": "Apache-2.0",
      "dependencies": {
        "@smithy/node-config-provider": "^2.2.1",
        "@smithy/property-provider": "^2.1.1",
        "@smithy/types": "^2.9.1",
        "@smithy/url-parser": "^2.1.1",
        "tslib": "^2.5.0"
      },
      "engines": {
        "node": ">=14.0.0"
      }
    },
    "node_modules/@smithy/eventstream-codec": {
      "version": "2.1.1",
      "license": "Apache-2.0",
      "dependencies": {
        "@aws-crypto/crc32": "3.0.0",
        "@smithy/types": "^2.9.1",
        "@smithy/util-hex-encoding": "^2.1.1",
        "tslib": "^2.5.0"
      }
    },
    "node_modules/@smithy/eventstream-serde-browser": {
      "version": "2.1.1",
      "license": "Apache-2.0",
      "dependencies": {
        "@smithy/eventstream-serde-universal": "^2.1.1",
        "@smithy/types": "^2.9.1",
        "tslib": "^2.5.0"
      },
      "engines": {
        "node": ">=14.0.0"
      }
    },
    "node_modules/@smithy/eventstream-serde-config-resolver": {
      "version": "2.1.1",
      "license": "Apache-2.0",
      "dependencies": {
        "@smithy/types": "^2.9.1",
        "tslib": "^2.5.0"
      },
      "engines": {
        "node": ">=14.0.0"
      }
    },
    "node_modules/@smithy/eventstream-serde-node": {
      "version": "2.1.1",
      "license": "Apache-2.0",
      "dependencies": {
        "@smithy/eventstream-serde-universal": "^2.1.1",
        "@smithy/types": "^2.9.1",
        "tslib": "^2.5.0"
      },
      "engines": {
        "node": ">=14.0.0"
      }
    },
    "node_modules/@smithy/eventstream-serde-universal": {
      "version": "2.1.1",
      "license": "Apache-2.0",
      "dependencies": {
        "@smithy/eventstream-codec": "^2.1.1",
        "@smithy/types": "^2.9.1",
        "tslib": "^2.5.0"
      },
      "engines": {
        "node": ">=14.0.0"
      }
    },
    "node_modules/@smithy/fetch-http-handler": {
      "version": "2.4.1",
      "license": "Apache-2.0",
      "dependencies": {
        "@smithy/protocol-http": "^3.1.1",
        "@smithy/querystring-builder": "^2.1.1",
        "@smithy/types": "^2.9.1",
        "@smithy/util-base64": "^2.1.1",
        "tslib": "^2.5.0"
      }
    },
    "node_modules/@smithy/hash-blob-browser": {
      "version": "2.1.1",
      "license": "Apache-2.0",
      "dependencies": {
        "@smithy/chunked-blob-reader": "^2.1.1",
        "@smithy/chunked-blob-reader-native": "^2.1.1",
        "@smithy/types": "^2.9.1",
        "tslib": "^2.5.0"
      }
    },
    "node_modules/@smithy/hash-node": {
      "version": "2.1.1",
      "license": "Apache-2.0",
      "dependencies": {
        "@smithy/types": "^2.9.1",
        "@smithy/util-buffer-from": "^2.1.1",
        "@smithy/util-utf8": "^2.1.1",
        "tslib": "^2.5.0"
      },
      "engines": {
        "node": ">=14.0.0"
      }
    },
    "node_modules/@smithy/hash-stream-node": {
      "version": "2.1.1",
      "license": "Apache-2.0",
      "dependencies": {
        "@smithy/types": "^2.9.1",
        "@smithy/util-utf8": "^2.1.1",
        "tslib": "^2.5.0"
      },
      "engines": {
        "node": ">=14.0.0"
      }
    },
    "node_modules/@smithy/invalid-dependency": {
      "version": "2.1.1",
      "license": "Apache-2.0",
      "dependencies": {
        "@smithy/types": "^2.9.1",
        "tslib": "^2.5.0"
      }
    },
    "node_modules/@smithy/is-array-buffer": {
      "version": "2.1.1",
      "license": "Apache-2.0",
      "dependencies": {
        "tslib": "^2.5.0"
      },
      "engines": {
        "node": ">=14.0.0"
      }
    },
    "node_modules/@smithy/md5-js": {
      "version": "2.1.1",
      "license": "Apache-2.0",
      "dependencies": {
        "@smithy/types": "^2.9.1",
        "@smithy/util-utf8": "^2.1.1",
        "tslib": "^2.5.0"
      }
    },
    "node_modules/@smithy/middleware-content-length": {
      "version": "2.1.1",
      "license": "Apache-2.0",
      "dependencies": {
        "@smithy/protocol-http": "^3.1.1",
        "@smithy/types": "^2.9.1",
        "tslib": "^2.5.0"
      },
      "engines": {
        "node": ">=14.0.0"
      }
    },
    "node_modules/@smithy/middleware-endpoint": {
      "version": "2.4.1",
      "license": "Apache-2.0",
      "dependencies": {
        "@smithy/middleware-serde": "^2.1.1",
        "@smithy/node-config-provider": "^2.2.1",
        "@smithy/shared-ini-file-loader": "^2.3.1",
        "@smithy/types": "^2.9.1",
        "@smithy/url-parser": "^2.1.1",
        "@smithy/util-middleware": "^2.1.1",
        "tslib": "^2.5.0"
      },
      "engines": {
        "node": ">=14.0.0"
      }
    },
    "node_modules/@smithy/middleware-retry": {
      "version": "2.1.1",
      "license": "Apache-2.0",
      "dependencies": {
        "@smithy/node-config-provider": "^2.2.1",
        "@smithy/protocol-http": "^3.1.1",
        "@smithy/service-error-classification": "^2.1.1",
        "@smithy/smithy-client": "^2.3.1",
        "@smithy/types": "^2.9.1",
        "@smithy/util-middleware": "^2.1.1",
        "@smithy/util-retry": "^2.1.1",
        "tslib": "^2.5.0",
        "uuid": "^8.3.2"
      },
      "engines": {
        "node": ">=14.0.0"
      }
    },
    "node_modules/@smithy/middleware-serde": {
      "version": "2.1.1",
      "license": "Apache-2.0",
      "dependencies": {
        "@smithy/types": "^2.9.1",
        "tslib": "^2.5.0"
      },
      "engines": {
        "node": ">=14.0.0"
      }
    },
    "node_modules/@smithy/middleware-stack": {
      "version": "2.1.1",
      "license": "Apache-2.0",
      "dependencies": {
        "@smithy/types": "^2.9.1",
        "tslib": "^2.5.0"
      },
      "engines": {
        "node": ">=14.0.0"
      }
    },
    "node_modules/@smithy/node-config-provider": {
      "version": "2.2.1",
      "license": "Apache-2.0",
      "dependencies": {
        "@smithy/property-provider": "^2.1.1",
        "@smithy/shared-ini-file-loader": "^2.3.1",
        "@smithy/types": "^2.9.1",
        "tslib": "^2.5.0"
      },
      "engines": {
        "node": ">=14.0.0"
      }
    },
    "node_modules/@smithy/node-http-handler": {
      "version": "2.3.1",
      "license": "Apache-2.0",
      "dependencies": {
        "@smithy/abort-controller": "^2.1.1",
        "@smithy/protocol-http": "^3.1.1",
        "@smithy/querystring-builder": "^2.1.1",
        "@smithy/types": "^2.9.1",
        "tslib": "^2.5.0"
      },
      "engines": {
        "node": ">=14.0.0"
      }
    },
    "node_modules/@smithy/property-provider": {
      "version": "2.1.1",
      "license": "Apache-2.0",
      "dependencies": {
        "@smithy/types": "^2.9.1",
        "tslib": "^2.5.0"
      },
      "engines": {
        "node": ">=14.0.0"
      }
    },
    "node_modules/@smithy/protocol-http": {
      "version": "3.1.1",
      "license": "Apache-2.0",
      "dependencies": {
        "@smithy/types": "^2.9.1",
        "tslib": "^2.5.0"
      },
      "engines": {
        "node": ">=14.0.0"
      }
    },
    "node_modules/@smithy/querystring-builder": {
      "version": "2.1.1",
      "license": "Apache-2.0",
      "dependencies": {
        "@smithy/types": "^2.9.1",
        "@smithy/util-uri-escape": "^2.1.1",
        "tslib": "^2.5.0"
      },
      "engines": {
        "node": ">=14.0.0"
      }
    },
    "node_modules/@smithy/querystring-parser": {
      "version": "2.1.1",
      "license": "Apache-2.0",
      "dependencies": {
        "@smithy/types": "^2.9.1",
        "tslib": "^2.5.0"
      },
      "engines": {
        "node": ">=14.0.0"
      }
    },
    "node_modules/@smithy/service-error-classification": {
      "version": "2.1.1",
      "license": "Apache-2.0",
      "dependencies": {
        "@smithy/types": "^2.9.1"
      },
      "engines": {
        "node": ">=14.0.0"
      }
    },
    "node_modules/@smithy/shared-ini-file-loader": {
      "version": "2.3.1",
      "license": "Apache-2.0",
      "dependencies": {
        "@smithy/types": "^2.9.1",
        "tslib": "^2.5.0"
      },
      "engines": {
        "node": ">=14.0.0"
      }
    },
    "node_modules/@smithy/signature-v4": {
      "version": "2.1.1",
      "license": "Apache-2.0",
      "dependencies": {
        "@smithy/eventstream-codec": "^2.1.1",
        "@smithy/is-array-buffer": "^2.1.1",
        "@smithy/types": "^2.9.1",
        "@smithy/util-hex-encoding": "^2.1.1",
        "@smithy/util-middleware": "^2.1.1",
        "@smithy/util-uri-escape": "^2.1.1",
        "@smithy/util-utf8": "^2.1.1",
        "tslib": "^2.5.0"
      },
      "engines": {
        "node": ">=14.0.0"
      }
    },
    "node_modules/@smithy/smithy-client": {
      "version": "2.3.1",
      "license": "Apache-2.0",
      "dependencies": {
        "@smithy/middleware-endpoint": "^2.4.1",
        "@smithy/middleware-stack": "^2.1.1",
        "@smithy/protocol-http": "^3.1.1",
        "@smithy/types": "^2.9.1",
        "@smithy/util-stream": "^2.1.1",
        "tslib": "^2.5.0"
      },
      "engines": {
        "node": ">=14.0.0"
      }
    },
    "node_modules/@smithy/types": {
      "version": "2.9.1",
      "license": "Apache-2.0",
      "dependencies": {
        "tslib": "^2.5.0"
      },
      "engines": {
        "node": ">=14.0.0"
      }
    },
    "node_modules/@smithy/url-parser": {
      "version": "2.1.1",
      "license": "Apache-2.0",
      "dependencies": {
        "@smithy/querystring-parser": "^2.1.1",
        "@smithy/types": "^2.9.1",
        "tslib": "^2.5.0"
      }
    },
    "node_modules/@smithy/util-base64": {
      "version": "2.1.1",
      "license": "Apache-2.0",
      "dependencies": {
        "@smithy/util-buffer-from": "^2.1.1",
        "tslib": "^2.5.0"
      },
      "engines": {
        "node": ">=14.0.0"
      }
    },
    "node_modules/@smithy/util-body-length-browser": {
      "version": "2.1.1",
      "license": "Apache-2.0",
      "dependencies": {
        "tslib": "^2.5.0"
      }
    },
    "node_modules/@smithy/util-body-length-node": {
      "version": "2.2.1",
      "license": "Apache-2.0",
      "dependencies": {
        "tslib": "^2.5.0"
      },
      "engines": {
        "node": ">=14.0.0"
      }
    },
    "node_modules/@smithy/util-buffer-from": {
      "version": "2.1.1",
      "license": "Apache-2.0",
      "dependencies": {
        "@smithy/is-array-buffer": "^2.1.1",
        "tslib": "^2.5.0"
      },
      "engines": {
        "node": ">=14.0.0"
      }
    },
    "node_modules/@smithy/util-config-provider": {
      "version": "2.2.1",
      "license": "Apache-2.0",
      "dependencies": {
        "tslib": "^2.5.0"
      },
      "engines": {
        "node": ">=14.0.0"
      }
    },
    "node_modules/@smithy/util-defaults-mode-browser": {
      "version": "2.1.1",
      "license": "Apache-2.0",
      "dependencies": {
        "@smithy/property-provider": "^2.1.1",
        "@smithy/smithy-client": "^2.3.1",
        "@smithy/types": "^2.9.1",
        "bowser": "^2.11.0",
        "tslib": "^2.5.0"
      },
      "engines": {
        "node": ">= 10.0.0"
      }
    },
    "node_modules/@smithy/util-defaults-mode-node": {
      "version": "2.1.1",
      "license": "Apache-2.0",
      "dependencies": {
        "@smithy/config-resolver": "^2.1.1",
        "@smithy/credential-provider-imds": "^2.2.1",
        "@smithy/node-config-provider": "^2.2.1",
        "@smithy/property-provider": "^2.1.1",
        "@smithy/smithy-client": "^2.3.1",
        "@smithy/types": "^2.9.1",
        "tslib": "^2.5.0"
      },
      "engines": {
        "node": ">= 10.0.0"
      }
    },
    "node_modules/@smithy/util-endpoints": {
      "version": "1.1.1",
      "license": "Apache-2.0",
      "dependencies": {
        "@smithy/node-config-provider": "^2.2.1",
        "@smithy/types": "^2.9.1",
        "tslib": "^2.5.0"
      },
      "engines": {
        "node": ">= 14.0.0"
      }
    },
    "node_modules/@smithy/util-hex-encoding": {
      "version": "2.1.1",
      "license": "Apache-2.0",
      "dependencies": {
        "tslib": "^2.5.0"
      },
      "engines": {
        "node": ">=14.0.0"
      }
    },
    "node_modules/@smithy/util-middleware": {
      "version": "2.1.1",
      "license": "Apache-2.0",
      "dependencies": {
        "@smithy/types": "^2.9.1",
        "tslib": "^2.5.0"
      },
      "engines": {
        "node": ">=14.0.0"
      }
    },
    "node_modules/@smithy/util-retry": {
      "version": "2.1.1",
      "license": "Apache-2.0",
      "dependencies": {
        "@smithy/service-error-classification": "^2.1.1",
        "@smithy/types": "^2.9.1",
        "tslib": "^2.5.0"
      },
      "engines": {
        "node": ">= 14.0.0"
      }
    },
    "node_modules/@smithy/util-stream": {
      "version": "2.1.1",
      "license": "Apache-2.0",
      "dependencies": {
        "@smithy/fetch-http-handler": "^2.4.1",
        "@smithy/node-http-handler": "^2.3.1",
        "@smithy/types": "^2.9.1",
        "@smithy/util-base64": "^2.1.1",
        "@smithy/util-buffer-from": "^2.1.1",
        "@smithy/util-hex-encoding": "^2.1.1",
        "@smithy/util-utf8": "^2.1.1",
        "tslib": "^2.5.0"
      },
      "engines": {
        "node": ">=14.0.0"
      }
    },
    "node_modules/@smithy/util-uri-escape": {
      "version": "2.1.1",
      "license": "Apache-2.0",
      "dependencies": {
        "tslib": "^2.5.0"
      },
      "engines": {
        "node": ">=14.0.0"
      }
    },
    "node_modules/@smithy/util-utf8": {
      "version": "2.1.1",
      "license": "Apache-2.0",
      "dependencies": {
        "@smithy/util-buffer-from": "^2.1.1",
        "tslib": "^2.5.0"
      },
      "engines": {
        "node": ">=14.0.0"
      }
    },
    "node_modules/@smithy/util-waiter": {
      "version": "2.1.1",
      "license": "Apache-2.0",
      "dependencies": {
        "@smithy/abort-controller": "^2.1.1",
        "@smithy/types": "^2.9.1",
        "tslib": "^2.5.0"
      },
      "engines": {
        "node": ">=14.0.0"
      }
    },
    "node_modules/@types/archiver": {
      "version": "6.0.2",
      "resolved": "https://registry.npmjs.org/@types/archiver/-/archiver-6.0.2.tgz",
      "integrity": "sha512-KmROQqbQzKGuaAbmK+ZcytkJ51+YqDa7NmbXjmtC5YBLSyQYo21YaUnQ3HbaPFKL1ooo6RQ6OPYPIDyxfpDDXw==",
      "dev": true,
      "dependencies": {
        "@types/readdir-glob": "*"
      }
    },
    "node_modules/@types/bun": {
      "version": "1.0.4",
      "resolved": "https://registry.npmjs.org/@types/bun/-/bun-1.0.4.tgz",
      "integrity": "sha512-2DO7sqwtpko3d3XP2kLpJsOkV12sSRt8cFR955JVB60m1DiXE56T+gJq+DcCczQ5khxgCDQKkyBRlgg5VH33Dw==",
      "dev": true,
      "dependencies": {
        "bun-types": "1.0.25"
      }
    },
    "node_modules/@types/node": {
      "version": "20.11.6",
      "dev": true,
      "license": "MIT",
      "dependencies": {
        "undici-types": "~5.26.4"
      }
    },
    "node_modules/@types/node/node_modules/undici-types": {
      "version": "5.26.5",
      "dev": true,
      "license": "MIT"
    },
    "node_modules/@types/readdir-glob": {
      "version": "1.1.5",
      "resolved": "https://registry.npmjs.org/@types/readdir-glob/-/readdir-glob-1.1.5.tgz",
      "integrity": "sha512-raiuEPUYqXu+nvtY2Pe8s8FEmZ3x5yAH4VkLdihcPdalvsHltomrRC9BzuStrJ9yk06470hS0Crw0f1pXqD+Hg==",
      "dev": true,
      "dependencies": {
        "@types/node": "*"
      }
    },
    "node_modules/@types/ws": {
      "version": "8.5.10",
      "dev": true,
      "license": "MIT",
      "dependencies": {
        "@types/node": "*"
      }
    },
    "node_modules/archiver": {
      "version": "6.0.1",
      "license": "MIT",
      "dependencies": {
        "archiver-utils": "^4.0.1",
        "async": "^3.2.4",
        "buffer-crc32": "^0.2.1",
        "readable-stream": "^3.6.0",
        "readdir-glob": "^1.1.2",
        "tar-stream": "^3.0.0",
        "zip-stream": "^5.0.1"
      },
      "engines": {
        "node": ">= 12.0.0"
      }
    },
    "node_modules/archiver-utils": {
      "version": "4.0.1",
      "license": "MIT",
      "dependencies": {
        "glob": "^8.0.0",
        "graceful-fs": "^4.2.0",
        "lazystream": "^1.0.0",
        "lodash": "^4.17.15",
        "normalize-path": "^3.0.0",
        "readable-stream": "^3.6.0"
      },
      "engines": {
        "node": ">= 12.0.0"
      }
    },
    "node_modules/async": {
      "version": "3.2.5",
      "license": "MIT"
    },
    "node_modules/b4a": {
      "version": "1.6.4",
      "license": "ISC"
    },
    "node_modules/balanced-match": {
      "version": "1.0.2",
      "license": "MIT"
    },
    "node_modules/bowser": {
      "version": "2.11.0",
      "license": "MIT"
    },
    "node_modules/brace-expansion": {
      "version": "2.0.1",
      "license": "MIT",
      "dependencies": {
        "balanced-match": "^1.0.0"
      }
    },
    "node_modules/buffer-crc32": {
      "version": "0.2.13",
      "license": "MIT",
      "engines": {
        "node": "*"
      }
    },
    "node_modules/bun-types": {
      "version": "1.0.25",
      "dev": true,
      "license": "MIT",
      "dependencies": {
        "@types/node": "*",
        "@types/ws": "*",
        "undici-types": "^5.26.4"
      }
    },
    "node_modules/compress-commons": {
      "version": "5.0.1",
      "license": "MIT",
      "dependencies": {
        "crc-32": "^1.2.0",
        "crc32-stream": "^5.0.0",
        "normalize-path": "^3.0.0",
        "readable-stream": "^3.6.0"
      },
      "engines": {
        "node": ">= 12.0.0"
      }
    },
    "node_modules/core-util-is": {
      "version": "1.0.3",
      "license": "MIT"
    },
    "node_modules/crc-32": {
      "version": "1.2.2",
      "license": "Apache-2.0",
      "bin": {
        "crc32": "bin/crc32.njs"
      },
      "engines": {
        "node": ">=0.8"
      }
    },
    "node_modules/crc32-stream": {
      "version": "5.0.0",
      "license": "MIT",
      "dependencies": {
        "crc-32": "^1.2.0",
        "readable-stream": "^3.4.0"
      },
      "engines": {
        "node": ">= 12.0.0"
      }
    },
    "node_modules/fast-fifo": {
      "version": "1.3.2",
      "license": "MIT"
    },
    "node_modules/fast-xml-parser": {
      "version": "4.2.5",
      "funding": [
        {
          "type": "paypal",
          "url": "https://paypal.me/naturalintelligence"
        },
        {
          "type": "github",
          "url": "https://github.com/sponsors/NaturalIntelligence"
        }
      ],
      "license": "MIT",
      "dependencies": {
        "strnum": "^1.0.5"
      },
      "bin": {
        "fxparser": "src/cli/cli.js"
      }
    },
    "node_modules/fs.realpath": {
      "version": "1.0.0",
      "license": "ISC"
    },
    "node_modules/glob": {
      "version": "8.1.0",
      "license": "ISC",
      "dependencies": {
        "fs.realpath": "^1.0.0",
        "inflight": "^1.0.4",
        "inherits": "2",
        "minimatch": "^5.0.1",
        "once": "^1.3.0"
      },
      "engines": {
        "node": ">=12"
      },
      "funding": {
        "url": "https://github.com/sponsors/isaacs"
      }
    },
    "node_modules/graceful-fs": {
      "version": "4.2.11",
      "license": "ISC"
    },
    "node_modules/inflight": {
      "version": "1.0.6",
      "license": "ISC",
      "dependencies": {
        "once": "^1.3.0",
        "wrappy": "1"
      }
    },
    "node_modules/inherits": {
      "version": "2.0.4",
      "license": "ISC"
    },
    "node_modules/isarray": {
      "version": "1.0.0",
      "license": "MIT"
    },
    "node_modules/lazystream": {
      "version": "1.0.1",
      "license": "MIT",
      "dependencies": {
        "readable-stream": "^2.0.5"
      },
      "engines": {
        "node": ">= 0.6.3"
      }
    },
    "node_modules/lazystream/node_modules/readable-stream": {
      "version": "2.3.8",
      "license": "MIT",
      "dependencies": {
        "core-util-is": "~1.0.0",
        "inherits": "~2.0.3",
        "isarray": "~1.0.0",
        "process-nextick-args": "~2.0.0",
        "safe-buffer": "~5.1.1",
        "string_decoder": "~1.1.1",
        "util-deprecate": "~1.0.1"
      }
    },
    "node_modules/lazystream/node_modules/readable-stream/node_modules/safe-buffer": {
      "version": "5.1.2",
      "license": "MIT"
    },
    "node_modules/lazystream/node_modules/readable-stream/node_modules/string_decoder": {
      "version": "1.1.1",
      "license": "MIT",
      "dependencies": {
        "safe-buffer": "~5.1.0"
      }
    },
    "node_modules/lodash": {
      "version": "4.17.21",
      "license": "MIT"
    },
    "node_modules/minimatch": {
      "version": "5.1.6",
      "license": "ISC",
      "dependencies": {
        "brace-expansion": "^2.0.1"
      },
      "engines": {
        "node": ">=10"
      }
    },
    "node_modules/normalize-path": {
      "version": "3.0.0",
      "license": "MIT",
      "engines": {
        "node": ">=0.10.0"
      }
    },
    "node_modules/once": {
      "version": "1.4.0",
      "license": "ISC",
      "dependencies": {
        "wrappy": "1"
      }
    },
    "node_modules/process-nextick-args": {
      "version": "2.0.1",
      "license": "MIT"
    },
    "node_modules/queue-tick": {
      "version": "1.0.1",
      "license": "MIT"
    },
    "node_modules/readable-stream": {
      "version": "3.6.2",
      "license": "MIT",
      "dependencies": {
        "inherits": "^2.0.3",
        "string_decoder": "^1.1.1",
        "util-deprecate": "^1.0.1"
      },
      "engines": {
        "node": ">= 6"
      }
    },
    "node_modules/readdir-glob": {
      "version": "1.1.3",
      "license": "Apache-2.0",
      "dependencies": {
        "minimatch": "^5.1.0"
      }
    },
    "node_modules/safe-buffer": {
      "version": "5.2.1",
      "funding": [
        {
          "type": "github",
          "url": "https://github.com/sponsors/feross"
        },
        {
          "type": "patreon",
          "url": "https://www.patreon.com/feross"
        },
        {
          "type": "consulting",
          "url": "https://feross.org/support"
        }
      ],
      "license": "MIT"
    },
    "node_modules/streamx": {
      "version": "2.15.6",
      "license": "MIT",
      "dependencies": {
        "fast-fifo": "^1.1.0",
        "queue-tick": "^1.0.1"
      }
    },
    "node_modules/string_decoder": {
      "version": "1.3.0",
      "license": "MIT",
      "dependencies": {
        "safe-buffer": "~5.2.0"
      }
    },
    "node_modules/strnum": {
      "version": "1.0.5",
      "license": "MIT"
    },
    "node_modules/tar-stream": {
      "version": "3.1.7",
      "license": "MIT",
      "dependencies": {
        "b4a": "^1.6.4",
        "fast-fifo": "^1.2.0",
        "streamx": "^2.15.0"
      }
    },
    "node_modules/tslib": {
      "version": "2.6.2",
      "license": "0BSD"
    },
    "node_modules/typescript": {
      "version": "5.3.3",
      "license": "Apache-2.0",
      "peer": true,
      "bin": {
        "tsc": "bin/tsc",
        "tsserver": "bin/tsserver"
      },
      "engines": {
        "node": ">=14.17"
      }
    },
    "node_modules/undici-types": {
      "version": "5.28.2",
      "dev": true,
      "license": "MIT"
    },
    "node_modules/util-deprecate": {
      "version": "1.0.2",
      "license": "MIT"
    },
    "node_modules/uuid": {
      "version": "8.3.2",
      "license": "MIT",
      "bin": {
        "uuid": "dist/bin/uuid"
      }
    },
    "node_modules/wrappy": {
      "version": "1.0.2",
      "license": "ISC"
    },
    "node_modules/zip-stream": {
      "version": "5.0.1",
      "license": "MIT",
      "dependencies": {
        "archiver-utils": "^4.0.1",
        "compress-commons": "^5.0.1",
        "readable-stream": "^3.6.0"
      },
      "engines": {
        "node": ">= 12.0.0"
      }
    }
  }
}
